// !$*UTF8*$!
{
	archiveVersion = 1;
	classes = {
	};
	objectVersion = 56;
	objects = {

/* Begin PBXBuildFile section */
		AEEAD8D5297602E900F940AD /* AppDelegate.swift in Sources */ = {isa = PBXBuildFile; fileRef = AEEAD8D4297602E900F940AD /* AppDelegate.swift */; };
		AEEAD8D7297602E900F940AD /* SceneDelegate.swift in Sources */ = {isa = PBXBuildFile; fileRef = AEEAD8D6297602E900F940AD /* SceneDelegate.swift */; };
		AEEAD8D9297602E900F940AD /* ViewController.swift in Sources */ = {isa = PBXBuildFile; fileRef = AEEAD8D8297602E900F940AD /* ViewController.swift */; };
		AEEAD8DC297602E900F940AD /* Main.storyboard in Resources */ = {isa = PBXBuildFile; fileRef = AEEAD8DA297602E900F940AD /* Main.storyboard */; };
		AEEAD8DF297602EA00F940AD /* SensorESP32.xcdatamodeld in Sources */ = {isa = PBXBuildFile; fileRef = AEEAD8DD297602EA00F940AD /* SensorESP32.xcdatamodeld */; };
		AEEAD8E1297602EC00F940AD /* Assets.xcassets in Resources */ = {isa = PBXBuildFile; fileRef = AEEAD8E0297602EC00F940AD /* Assets.xcassets */; };
		AEEAD8E4297602EC00F940AD /* LaunchScreen.storyboard in Resources */ = {isa = PBXBuildFile; fileRef = AEEAD8E2297602EC00F940AD /* LaunchScreen.storyboard */; };
		AEEAD8EF297602EC00F940AD /* SensorESP32Tests.swift in Sources */ = {isa = PBXBuildFile; fileRef = AEEAD8EE297602EC00F940AD /* SensorESP32Tests.swift */; };
		AEEAD8F9297602EC00F940AD /* SensorESP32UITests.swift in Sources */ = {isa = PBXBuildFile; fileRef = AEEAD8F8297602EC00F940AD /* SensorESP32UITests.swift */; };
		AEEAD8FB297602EC00F940AD /* SensorESP32UITestsLaunchTests.swift in Sources */ = {isa = PBXBuildFile; fileRef = AEEAD8FA297602EC00F940AD /* SensorESP32UITestsLaunchTests.swift */; };
		AEEAD9082976046D00F940AD /* DiscoveredPeripheral.swift in Sources */ = {isa = PBXBuildFile; fileRef = AEEAD9072976046D00F940AD /* DiscoveredPeripheral.swift */; };
/* End PBXBuildFile section */

/* Begin PBXContainerItemProxy section */
		AEEAD8EB297602EC00F940AD /* PBXContainerItemProxy */ = {
			isa = PBXContainerItemProxy;
			containerPortal = AEEAD8C9297602E900F940AD /* Project object */;
			proxyType = 1;
			remoteGlobalIDString = AEEAD8D0297602E900F940AD;
			remoteInfo = SensorESP32;
		};
		AEEAD8F5297602EC00F940AD /* PBXContainerItemProxy */ = {
			isa = PBXContainerItemProxy;
			containerPortal = AEEAD8C9297602E900F940AD /* Project object */;
			proxyType = 1;
			remoteGlobalIDString = AEEAD8D0297602E900F940AD;
			remoteInfo = SensorESP32;
		};
/* End PBXContainerItemProxy section */

/* Begin PBXFileReference section */
		AEEAD8D1297602E900F940AD /* SensorESP32.app */ = {isa = PBXFileReference; explicitFileType = wrapper.application; includeInIndex = 0; path = SensorESP32.app; sourceTree = BUILT_PRODUCTS_DIR; };
		AEEAD8D4297602E900F940AD /* AppDelegate.swift */ = {isa = PBXFileReference; lastKnownFileType = sourcecode.swift; path = AppDelegate.swift; sourceTree = "<group>"; };
		AEEAD8D6297602E900F940AD /* SceneDelegate.swift */ = {isa = PBXFileReference; lastKnownFileType = sourcecode.swift; path = SceneDelegate.swift; sourceTree = "<group>"; };
		AEEAD8D8297602E900F940AD /* ViewController.swift */ = {isa = PBXFileReference; lastKnownFileType = sourcecode.swift; path = ViewController.swift; sourceTree = "<group>"; };
		AEEAD8DB297602E900F940AD /* Base */ = {isa = PBXFileReference; lastKnownFileType = file.storyboard; name = Base; path = Base.lproj/Main.storyboard; sourceTree = "<group>"; };
		AEEAD8DE297602EA00F940AD /* SensorESP32.xcdatamodel */ = {isa = PBXFileReference; lastKnownFileType = wrapper.xcdatamodel; path = SensorESP32.xcdatamodel; sourceTree = "<group>"; };
		AEEAD8E0297602EC00F940AD /* Assets.xcassets */ = {isa = PBXFileReference; lastKnownFileType = folder.assetcatalog; path = Assets.xcassets; sourceTree = "<group>"; };
		AEEAD8E3297602EC00F940AD /* Base */ = {isa = PBXFileReference; lastKnownFileType = file.storyboard; name = Base; path = Base.lproj/LaunchScreen.storyboard; sourceTree = "<group>"; };
		AEEAD8E5297602EC00F940AD /* Info.plist */ = {isa = PBXFileReference; lastKnownFileType = text.plist.xml; path = Info.plist; sourceTree = "<group>"; };
		AEEAD8EA297602EC00F940AD /* SensorESP32Tests.xctest */ = {isa = PBXFileReference; explicitFileType = wrapper.cfbundle; includeInIndex = 0; path = SensorESP32Tests.xctest; sourceTree = BUILT_PRODUCTS_DIR; };
		AEEAD8EE297602EC00F940AD /* SensorESP32Tests.swift */ = {isa = PBXFileReference; lastKnownFileType = sourcecode.swift; path = SensorESP32Tests.swift; sourceTree = "<group>"; };
		AEEAD8F4297602EC00F940AD /* SensorESP32UITests.xctest */ = {isa = PBXFileReference; explicitFileType = wrapper.cfbundle; includeInIndex = 0; path = SensorESP32UITests.xctest; sourceTree = BUILT_PRODUCTS_DIR; };
		AEEAD8F8297602EC00F940AD /* SensorESP32UITests.swift */ = {isa = PBXFileReference; lastKnownFileType = sourcecode.swift; path = SensorESP32UITests.swift; sourceTree = "<group>"; };
		AEEAD8FA297602EC00F940AD /* SensorESP32UITestsLaunchTests.swift */ = {isa = PBXFileReference; lastKnownFileType = sourcecode.swift; path = SensorESP32UITestsLaunchTests.swift; sourceTree = "<group>"; };
		AEEAD9072976046D00F940AD /* DiscoveredPeripheral.swift */ = {isa = PBXFileReference; lastKnownFileType = sourcecode.swift; path = DiscoveredPeripheral.swift; sourceTree = "<group>"; };
/* End PBXFileReference section */

/* Begin PBXFrameworksBuildPhase section */
		AEEAD8CE297602E900F940AD /* Frameworks */ = {
			isa = PBXFrameworksBuildPhase;
			buildActionMask = 2147483647;
			files = (
			);
			runOnlyForDeploymentPostprocessing = 0;
		};
		AEEAD8E7297602EC00F940AD /* Frameworks */ = {
			isa = PBXFrameworksBuildPhase;
			buildActionMask = 2147483647;
			files = (
			);
			runOnlyForDeploymentPostprocessing = 0;
		};
		AEEAD8F1297602EC00F940AD /* Frameworks */ = {
			isa = PBXFrameworksBuildPhase;
			buildActionMask = 2147483647;
			files = (
			);
			runOnlyForDeploymentPostprocessing = 0;
		};
/* End PBXFrameworksBuildPhase section */

/* Begin PBXGroup section */
		AEEAD8C8297602E900F940AD = {
			isa = PBXGroup;
			children = (
				AEEAD9072976046D00F940AD /* DiscoveredPeripheral.swift */,
				AEEAD8D3297602E900F940AD /* SensorESP32 */,
				AEEAD8ED297602EC00F940AD /* SensorESP32Tests */,
				AEEAD8F7297602EC00F940AD /* SensorESP32UITests */,
				AEEAD8D2297602E900F940AD /* Products */,
			);
			sourceTree = "<group>";
		};
		AEEAD8D2297602E900F940AD /* Products */ = {
			isa = PBXGroup;
			children = (
				AEEAD8D1297602E900F940AD /* SensorESP32.app */,
				AEEAD8EA297602EC00F940AD /* SensorESP32Tests.xctest */,
				AEEAD8F4297602EC00F940AD /* SensorESP32UITests.xctest */,
			);
			name = Products;
			sourceTree = "<group>";
		};
		AEEAD8D3297602E900F940AD /* SensorESP32 */ = {
			isa = PBXGroup;
			children = (
				AEEAD8D4297602E900F940AD /* AppDelegate.swift */,
				AEEAD8D6297602E900F940AD /* SceneDelegate.swift */,
				AEEAD8D8297602E900F940AD /* ViewController.swift */,
				AEEAD8DA297602E900F940AD /* Main.storyboard */,
				AEEAD8E0297602EC00F940AD /* Assets.xcassets */,
				AEEAD8E2297602EC00F940AD /* LaunchScreen.storyboard */,
				AEEAD8E5297602EC00F940AD /* Info.plist */,
				AEEAD8DD297602EA00F940AD /* SensorESP32.xcdatamodeld */,
			);
			path = SensorESP32;
			sourceTree = "<group>";
		};
		AEEAD8ED297602EC00F940AD /* SensorESP32Tests */ = {
			isa = PBXGroup;
			children = (
				AEEAD8EE297602EC00F940AD /* SensorESP32Tests.swift */,
			);
			path = SensorESP32Tests;
			sourceTree = "<group>";
		};
		AEEAD8F7297602EC00F940AD /* SensorESP32UITests */ = {
			isa = PBXGroup;
			children = (
				AEEAD8F8297602EC00F940AD /* SensorESP32UITests.swift */,
				AEEAD8FA297602EC00F940AD /* SensorESP32UITestsLaunchTests.swift */,
			);
			path = SensorESP32UITests;
			sourceTree = "<group>";
		};
/* End PBXGroup section */

/* Begin PBXNativeTarget section */
		AEEAD8D0297602E900F940AD /* SensorESP32 */ = {
			isa = PBXNativeTarget;
			buildConfigurationList = AEEAD8FE297602EC00F940AD /* Build configuration list for PBXNativeTarget "SensorESP32" */;
			buildPhases = (
				AEEAD8CD297602E900F940AD /* Sources */,
				AEEAD8CE297602E900F940AD /* Frameworks */,
				AEEAD8CF297602E900F940AD /* Resources */,
			);
			buildRules = (
			);
			dependencies = (
			);
			name = SensorESP32;
			productName = SensorESP32;
			productReference = AEEAD8D1297602E900F940AD /* SensorESP32.app */;
			productType = "com.apple.product-type.application";
		};
		AEEAD8E9297602EC00F940AD /* SensorESP32Tests */ = {
			isa = PBXNativeTarget;
			buildConfigurationList = AEEAD901297602EC00F940AD /* Build configuration list for PBXNativeTarget "SensorESP32Tests" */;
			buildPhases = (
				AEEAD8E6297602EC00F940AD /* Sources */,
				AEEAD8E7297602EC00F940AD /* Frameworks */,
				AEEAD8E8297602EC00F940AD /* Resources */,
			);
			buildRules = (
			);
			dependencies = (
				AEEAD8EC297602EC00F940AD /* PBXTargetDependency */,
			);
			name = SensorESP32Tests;
			productName = SensorESP32Tests;
			productReference = AEEAD8EA297602EC00F940AD /* SensorESP32Tests.xctest */;
			productType = "com.apple.product-type.bundle.unit-test";
		};
		AEEAD8F3297602EC00F940AD /* SensorESP32UITests */ = {
			isa = PBXNativeTarget;
			buildConfigurationList = AEEAD904297602EC00F940AD /* Build configuration list for PBXNativeTarget "SensorESP32UITests" */;
			buildPhases = (
				AEEAD8F0297602EC00F940AD /* Sources */,
				AEEAD8F1297602EC00F940AD /* Frameworks */,
				AEEAD8F2297602EC00F940AD /* Resources */,
			);
			buildRules = (
			);
			dependencies = (
				AEEAD8F6297602EC00F940AD /* PBXTargetDependency */,
			);
			name = SensorESP32UITests;
			productName = SensorESP32UITests;
			productReference = AEEAD8F4297602EC00F940AD /* SensorESP32UITests.xctest */;
			productType = "com.apple.product-type.bundle.ui-testing";
		};
/* End PBXNativeTarget section */

/* Begin PBXProject section */
		AEEAD8C9297602E900F940AD /* Project object */ = {
			isa = PBXProject;
			attributes = {
				BuildIndependentTargetsInParallel = 1;
				LastSwiftUpdateCheck = 1420;
				LastUpgradeCheck = 1420;
				TargetAttributes = {
					AEEAD8D0297602E900F940AD = {
						CreatedOnToolsVersion = 14.2;
					};
					AEEAD8E9297602EC00F940AD = {
						CreatedOnToolsVersion = 14.2;
						TestTargetID = AEEAD8D0297602E900F940AD;
					};
					AEEAD8F3297602EC00F940AD = {
						CreatedOnToolsVersion = 14.2;
						TestTargetID = AEEAD8D0297602E900F940AD;
					};
				};
			};
			buildConfigurationList = AEEAD8CC297602E900F940AD /* Build configuration list for PBXProject "SensorESP32" */;
			compatibilityVersion = "Xcode 14.0";
			developmentRegion = en;
			hasScannedForEncodings = 0;
			knownRegions = (
				en,
				Base,
			);
			mainGroup = AEEAD8C8297602E900F940AD;
			productRefGroup = AEEAD8D2297602E900F940AD /* Products */;
			projectDirPath = "";
			projectRoot = "";
			targets = (
				AEEAD8D0297602E900F940AD /* SensorESP32 */,
				AEEAD8E9297602EC00F940AD /* SensorESP32Tests */,
				AEEAD8F3297602EC00F940AD /* SensorESP32UITests */,
			);
		};
/* End PBXProject section */

/* Begin PBXResourcesBuildPhase section */
		AEEAD8CF297602E900F940AD /* Resources */ = {
			isa = PBXResourcesBuildPhase;
			buildActionMask = 2147483647;
			files = (
				AEEAD8E4297602EC00F940AD /* LaunchScreen.storyboard in Resources */,
				AEEAD8E1297602EC00F940AD /* Assets.xcassets in Resources */,
				AEEAD8DC297602E900F940AD /* Main.storyboard in Resources */,
			);
			runOnlyForDeploymentPostprocessing = 0;
		};
		AEEAD8E8297602EC00F940AD /* Resources */ = {
			isa = PBXResourcesBuildPhase;
			buildActionMask = 2147483647;
			files = (
			);
			runOnlyForDeploymentPostprocessing = 0;
		};
		AEEAD8F2297602EC00F940AD /* Resources */ = {
			isa = PBXResourcesBuildPhase;
			buildActionMask = 2147483647;
			files = (
			);
			runOnlyForDeploymentPostprocessing = 0;
		};
/* End PBXResourcesBuildPhase section */

/* Begin PBXSourcesBuildPhase section */
		AEEAD8CD297602E900F940AD /* Sources */ = {
			isa = PBXSourcesBuildPhase;
			buildActionMask = 2147483647;
			files = (
				AEEAD9082976046D00F940AD /* DiscoveredPeripheral.swift in Sources */,
				AEEAD8D9297602E900F940AD /* ViewController.swift in Sources */,
				AEEAD8D5297602E900F940AD /* AppDelegate.swift in Sources */,
				AEEAD8D7297602E900F940AD /* SceneDelegate.swift in Sources */,
				AEEAD8DF297602EA00F940AD /* SensorESP32.xcdatamodeld in Sources */,
			);
			runOnlyForDeploymentPostprocessing = 0;
		};
		AEEAD8E6297602EC00F940AD /* Sources */ = {
			isa = PBXSourcesBuildPhase;
			buildActionMask = 2147483647;
			files = (
				AEEAD8EF297602EC00F940AD /* SensorESP32Tests.swift in Sources */,
			);
			runOnlyForDeploymentPostprocessing = 0;
		};
		AEEAD8F0297602EC00F940AD /* Sources */ = {
			isa = PBXSourcesBuildPhase;
			buildActionMask = 2147483647;
			files = (
				AEEAD8FB297602EC00F940AD /* SensorESP32UITestsLaunchTests.swift in Sources */,
				AEEAD8F9297602EC00F940AD /* SensorESP32UITests.swift in Sources */,
			);
			runOnlyForDeploymentPostprocessing = 0;
		};
/* End PBXSourcesBuildPhase section */

/* Begin PBXTargetDependency section */
		AEEAD8EC297602EC00F940AD /* PBXTargetDependency */ = {
			isa = PBXTargetDependency;
			target = AEEAD8D0297602E900F940AD /* SensorESP32 */;
			targetProxy = AEEAD8EB297602EC00F940AD /* PBXContainerItemProxy */;
		};
		AEEAD8F6297602EC00F940AD /* PBXTargetDependency */ = {
			isa = PBXTargetDependency;
			target = AEEAD8D0297602E900F940AD /* SensorESP32 */;
			targetProxy = AEEAD8F5297602EC00F940AD /* PBXContainerItemProxy */;
		};
/* End PBXTargetDependency section */

/* Begin PBXVariantGroup section */
		AEEAD8DA297602E900F940AD /* Main.storyboard */ = {
			isa = PBXVariantGroup;
			children = (
				AEEAD8DB297602E900F940AD /* Base */,
			);
			name = Main.storyboard;
			sourceTree = "<group>";
		};
		AEEAD8E2297602EC00F940AD /* LaunchScreen.storyboard */ = {
			isa = PBXVariantGroup;
			children = (
				AEEAD8E3297602EC00F940AD /* Base */,
			);
			name = LaunchScreen.storyboard;
			sourceTree = "<group>";
		};
/* End PBXVariantGroup section */

/* Begin XCBuildConfiguration section */
		AEEAD8FC297602EC00F940AD /* Debug */ = {
			isa = XCBuildConfiguration;
			buildSettings = {
				ALWAYS_SEARCH_USER_PATHS = NO;
				CLANG_ANALYZER_NONNULL = YES;
				CLANG_ANALYZER_NUMBER_OBJECT_CONVERSION = YES_AGGRESSIVE;
				CLANG_CXX_LANGUAGE_STANDARD = "gnu++20";
				CLANG_ENABLE_MODULES = YES;
				CLANG_ENABLE_OBJC_ARC = YES;
				CLANG_ENABLE_OBJC_WEAK = YES;
				CLANG_WARN_BLOCK_CAPTURE_AUTORELEASING = YES;
				CLANG_WARN_BOOL_CONVERSION = YES;
				CLANG_WARN_COMMA = YES;
				CLANG_WARN_CONSTANT_CONVERSION = YES;
				CLANG_WARN_DEPRECATED_OBJC_IMPLEMENTATIONS = YES;
				CLANG_WARN_DIRECT_OBJC_ISA_USAGE = YES_ERROR;
				CLANG_WARN_DOCUMENTATION_COMMENTS = YES;
				CLANG_WARN_EMPTY_BODY = YES;
				CLANG_WARN_ENUM_CONVERSION = YES;
				CLANG_WARN_INFINITE_RECURSION = YES;
				CLANG_WARN_INT_CONVERSION = YES;
				CLANG_WARN_NON_LITERAL_NULL_CONVERSION = YES;
				CLANG_WARN_OBJC_IMPLICIT_RETAIN_SELF = YES;
				CLANG_WARN_OBJC_LITERAL_CONVERSION = YES;
				CLANG_WARN_OBJC_ROOT_CLASS = YES_ERROR;
				CLANG_WARN_QUOTED_INCLUDE_IN_FRAMEWORK_HEADER = YES;
				CLANG_WARN_RANGE_LOOP_ANALYSIS = YES;
				CLANG_WARN_STRICT_PROTOTYPES = YES;
				CLANG_WARN_SUSPICIOUS_MOVE = YES;
				CLANG_WARN_UNGUARDED_AVAILABILITY = YES_AGGRESSIVE;
				CLANG_WARN_UNREACHABLE_CODE = YES;
				CLANG_WARN__DUPLICATE_METHOD_MATCH = YES;
				COPY_PHASE_STRIP = NO;
				DEBUG_INFORMATION_FORMAT = dwarf;
				ENABLE_STRICT_OBJC_MSGSEND = YES;
				ENABLE_TESTABILITY = YES;
				GCC_C_LANGUAGE_STANDARD = gnu11;
				GCC_DYNAMIC_NO_PIC = NO;
				GCC_NO_COMMON_BLOCKS = YES;
				GCC_OPTIMIZATION_LEVEL = 0;
				GCC_PREPROCESSOR_DEFINITIONS = (
					"DEBUG=1",
					"$(inherited)",
				);
				GCC_WARN_64_TO_32_BIT_CONVERSION = YES;
				GCC_WARN_ABOUT_RETURN_TYPE = YES_ERROR;
				GCC_WARN_UNDECLARED_SELECTOR = YES;
				GCC_WARN_UNINITIALIZED_AUTOS = YES_AGGRESSIVE;
				GCC_WARN_UNUSED_FUNCTION = YES;
				GCC_WARN_UNUSED_VARIABLE = YES;
				IPHONEOS_DEPLOYMENT_TARGET = 16.2;
				MTL_ENABLE_DEBUG_INFO = INCLUDE_SOURCE;
				MTL_FAST_MATH = YES;
				ONLY_ACTIVE_ARCH = YES;
				SDKROOT = iphoneos;
				SWIFT_ACTIVE_COMPILATION_CONDITIONS = DEBUG;
				SWIFT_OPTIMIZATION_LEVEL = "-Onone";
			};
			name = Debug;
		};
		AEEAD8FD297602EC00F940AD /* Release */ = {
			isa = XCBuildConfiguration;
			buildSettings = {
				ALWAYS_SEARCH_USER_PATHS = NO;
				CLANG_ANALYZER_NONNULL = YES;
				CLANG_ANALYZER_NUMBER_OBJECT_CONVERSION = YES_AGGRESSIVE;
				CLANG_CXX_LANGUAGE_STANDARD = "gnu++20";
				CLANG_ENABLE_MODULES = YES;
				CLANG_ENABLE_OBJC_ARC = YES;
				CLANG_ENABLE_OBJC_WEAK = YES;
				CLANG_WARN_BLOCK_CAPTURE_AUTORELEASING = YES;
				CLANG_WARN_BOOL_CONVERSION = YES;
				CLANG_WARN_COMMA = YES;
				CLANG_WARN_CONSTANT_CONVERSION = YES;
				CLANG_WARN_DEPRECATED_OBJC_IMPLEMENTATIONS = YES;
				CLANG_WARN_DIRECT_OBJC_ISA_USAGE = YES_ERROR;
				CLANG_WARN_DOCUMENTATION_COMMENTS = YES;
				CLANG_WARN_EMPTY_BODY = YES;
				CLANG_WARN_ENUM_CONVERSION = YES;
				CLANG_WARN_INFINITE_RECURSION = YES;
				CLANG_WARN_INT_CONVERSION = YES;
				CLANG_WARN_NON_LITERAL_NULL_CONVERSION = YES;
				CLANG_WARN_OBJC_IMPLICIT_RETAIN_SELF = YES;
				CLANG_WARN_OBJC_LITERAL_CONVERSION = YES;
				CLANG_WARN_OBJC_ROOT_CLASS = YES_ERROR;
				CLANG_WARN_QUOTED_INCLUDE_IN_FRAMEWORK_HEADER = YES;
				CLANG_WARN_RANGE_LOOP_ANALYSIS = YES;
				CLANG_WARN_STRICT_PROTOTYPES = YES;
				CLANG_WARN_SUSPICIOUS_MOVE = YES;
				CLANG_WARN_UNGUARDED_AVAILABILITY = YES_AGGRESSIVE;
				CLANG_WARN_UNREACHABLE_CODE = YES;
				CLANG_WARN__DUPLICATE_METHOD_MATCH = YES;
				COPY_PHASE_STRIP = NO;
				DEBUG_INFORMATION_FORMAT = "dwarf-with-dsym";
				ENABLE_NS_ASSERTIONS = NO;
				ENABLE_STRICT_OBJC_MSGSEND = YES;
				GCC_C_LANGUAGE_STANDARD = gnu11;
				GCC_NO_COMMON_BLOCKS = YES;
				GCC_WARN_64_TO_32_BIT_CONVERSION = YES;
				GCC_WARN_ABOUT_RETURN_TYPE = YES_ERROR;
				GCC_WARN_UNDECLARED_SELECTOR = YES;
				GCC_WARN_UNINITIALIZED_AUTOS = YES_AGGRESSIVE;
				GCC_WARN_UNUSED_FUNCTION = YES;
				GCC_WARN_UNUSED_VARIABLE = YES;
				IPHONEOS_DEPLOYMENT_TARGET = 16.2;
				MTL_ENABLE_DEBUG_INFO = NO;
				MTL_FAST_MATH = YES;
				SDKROOT = iphoneos;
				SWIFT_COMPILATION_MODE = wholemodule;
				SWIFT_OPTIMIZATION_LEVEL = "-O";
				VALIDATE_PRODUCT = YES;
			};
			name = Release;
		};
		AEEAD8FF297602EC00F940AD /* Debug */ = {
			isa = XCBuildConfiguration;
			buildSettings = {
				ASSETCATALOG_COMPILER_APPICON_NAME = AppIcon;
				ASSETCATALOG_COMPILER_GLOBAL_ACCENT_COLOR_NAME = AccentColor;
				CODE_SIGN_STYLE = Automatic;
				CURRENT_PROJECT_VERSION = 1;
				DEVELOPMENT_TEAM = KDWC62685W;
				GENERATE_INFOPLIST_FILE = YES;
				INFOPLIST_FILE = SensorESP32/Info.plist;
				INFOPLIST_KEY_NSBluetoothAlwaysUsageDescription = test;
				INFOPLIST_KEY_UIApplicationSupportsIndirectInputEvents = YES;
				INFOPLIST_KEY_UILaunchStoryboardName = LaunchScreen;
				INFOPLIST_KEY_UIMainStoryboardFile = Main;
				INFOPLIST_KEY_UISupportedInterfaceOrientations = UIInterfaceOrientationPortrait;
				INFOPLIST_KEY_UISupportedInterfaceOrientations_iPad = "UIInterfaceOrientationLandscapeLeft UIInterfaceOrientationLandscapeRight UIInterfaceOrientationPortrait UIInterfaceOrientationPortraitUpsideDown";
				IPHONEOS_DEPLOYMENT_TARGET = 14.0;
				LD_RUNPATH_SEARCH_PATHS = (
					"$(inherited)",
					"@executable_path/Frameworks",
				);
				MARKETING_VERSION = 1.0;
				PRODUCT_BUNDLE_IDENTIFIER = com.hernandezcu.SensorESP32;
				PRODUCT_NAME = "$(TARGET_NAME)";
				SUPPORTED_PLATFORMS = "iphoneos iphonesimulator";
				SUPPORTS_MACCATALYST = NO;
				SUPPORTS_MAC_DESIGNED_FOR_IPHONE_IPAD = NO;
				SWIFT_EMIT_LOC_STRINGS = YES;
				SWIFT_VERSION = 5.0;
				TARGETED_DEVICE_FAMILY = 1;
			};
			name = Debug;
		};
		AEEAD900297602EC00F940AD /* Release */ = {
			isa = XCBuildConfiguration;
			buildSettings = {
				ASSETCATALOG_COMPILER_APPICON_NAME = AppIcon;
				ASSETCATALOG_COMPILER_GLOBAL_ACCENT_COLOR_NAME = AccentColor;
				CODE_SIGN_STYLE = Automatic;
				CURRENT_PROJECT_VERSION = 1;
				DEVELOPMENT_TEAM = KDWC62685W;
				GENERATE_INFOPLIST_FILE = YES;
				INFOPLIST_FILE = SensorESP32/Info.plist;
				INFOPLIST_KEY_NSBluetoothAlwaysUsageDescription = test;
				INFOPLIST_KEY_UIApplicationSupportsIndirectInputEvents = YES;
				INFOPLIST_KEY_UILaunchStoryboardName = LaunchScreen;
				INFOPLIST_KEY_UIMainStoryboardFile = Main;
				INFOPLIST_KEY_UISupportedInterfaceOrientations = UIInterfaceOrientationPortrait;
				INFOPLIST_KEY_UISupportedInterfaceOrientations_iPad = "UIInterfaceOrientationLandscapeLeft UIInterfaceOrientationLandscapeRight UIInterfaceOrientationPortrait UIInterfaceOrientationPortraitUpsideDown";
				IPHONEOS_DEPLOYMENT_TARGET = 14.0;
				LD_RUNPATH_SEARCH_PATHS = (
					"$(inherited)",
					"@executable_path/Frameworks",
				);
				MARKETING_VERSION = 1.0;
				PRODUCT_BUNDLE_IDENTIFIER = com.hernandezcu.SensorESP32;
				PRODUCT_NAME = "$(TARGET_NAME)";
				SUPPORTED_PLATFORMS = "iphoneos iphonesimulator";
				SUPPORTS_MACCATALYST = NO;
				SUPPORTS_MAC_DESIGNED_FOR_IPHONE_IPAD = NO;
				SWIFT_EMIT_LOC_STRINGS = YES;
				SWIFT_VERSION = 5.0;
				TARGETED_DEVICE_FAMILY = 1;
			};
			name = Release;
		};
		AEEAD902297602EC00F940AD /* Debug */ = {
			isa = XCBuildConfiguration;
			buildSettings = {
				ALWAYS_EMBED_SWIFT_STANDARD_LIBRARIES = YES;
				BUNDLE_LOADER = "$(TEST_HOST)";
				CODE_SIGN_STYLE = Automatic;
				CURRENT_PROJECT_VERSION = 1;
				DEVELOPMENT_TEAM = KDWC62685W;
				GENERATE_INFOPLIST_FILE = YES;
				IPHONEOS_DEPLOYMENT_TARGET = 16.2;
				MARKETING_VERSION = 1.0;
				PRODUCT_BUNDLE_IDENTIFIER = com.hernandezcu.SensorESP32Tests;
				PRODUCT_NAME = "$(TARGET_NAME)";
				SWIFT_EMIT_LOC_STRINGS = NO;
				SWIFT_VERSION = 5.0;
				TARGETED_DEVICE_FAMILY = "1,2";
				TEST_HOST = "$(BUILT_PRODUCTS_DIR)/SensorESP32.app/$(BUNDLE_EXECUTABLE_FOLDER_PATH)/SensorESP32";
			};
			name = Debug;
		};
		AEEAD903297602EC00F940AD /* Release */ = {
			isa = XCBuildConfiguration;
			buildSettings = {
				ALWAYS_EMBED_SWIFT_STANDARD_LIBRARIES = YES;
				BUNDLE_LOADER = "$(TEST_HOST)";
				CODE_SIGN_STYLE = Automatic;
				CURRENT_PROJECT_VERSION = 1;
				DEVELOPMENT_TEAM = KDWC62685W;
				GENERATE_INFOPLIST_FILE = YES;
				IPHONEOS_DEPLOYMENT_TARGET = 16.2;
				MARKETING_VERSION = 1.0;
				PRODUCT_BUNDLE_IDENTIFIER = com.hernandezcu.SensorESP32Tests;
				PRODUCT_NAME = "$(TARGET_NAME)";
				SWIFT_EMIT_LOC_STRINGS = NO;
				SWIFT_VERSION = 5.0;
				TARGETED_DEVICE_FAMILY = "1,2";
				TEST_HOST = "$(BUILT_PRODUCTS_DIR)/SensorESP32.app/$(BUNDLE_EXECUTABLE_FOLDER_PATH)/SensorESP32";
			};
			name = Release;
		};
		AEEAD905297602EC00F940AD /* Debug */ = {
			isa = XCBuildConfiguration;
			buildSettings = {
				ALWAYS_EMBED_SWIFT_STANDARD_LIBRARIES = YES;
				CODE_SIGN_STYLE = Automatic;
				CURRENT_PROJECT_VERSION = 1;
				DEVELOPMENT_TEAM = KDWC62685W;
				GENERATE_INFOPLIST_FILE = YES;
				MARKETING_VERSION = 1.0;
				PRODUCT_BUNDLE_IDENTIFIER = com.hernandezcu.SensorESP32UITests;
				PRODUCT_NAME = "$(TARGET_NAME)";
				SWIFT_EMIT_LOC_STRINGS = NO;
				SWIFT_VERSION = 5.0;
				TARGETED_DEVICE_FAMILY = "1,2";
				TEST_TARGET_NAME = SensorESP32;
			};
			name = Debug;
		};
		AEEAD906297602EC00F940AD /* Release */ = {
			isa = XCBuildConfiguration;
			buildSettings = {
				ALWAYS_EMBED_SWIFT_STANDARD_LIBRARIES = YES;
				CODE_SIGN_STYLE = Automatic;
				CURRENT_PROJECT_VERSION = 1;
				DEVELOPMENT_TEAM = KDWC62685W;
				GENERATE_INFOPLIST_FILE = YES;
				MARKETING_VERSION = 1.0;
				PRODUCT_BUNDLE_IDENTIFIER = com.hernandezcu.SensorESP32UITests;
				PRODUCT_NAME = "$(TARGET_NAME)";
				SWIFT_EMIT_LOC_STRINGS = NO;
				SWIFT_VERSION = 5.0;
				TARGETED_DEVICE_FAMILY = "1,2";
				TEST_TARGET_NAME = SensorESP32;
			};
			name = Release;
		};
/* End XCBuildConfiguration section */

/* Begin XCConfigurationList section */
		AEEAD8CC297602E900F940AD /* Build configuration list for PBXProject "SensorESP32" */ = {
			isa = XCConfigurationList;
			buildConfigurations = (
				AEEAD8FC297602EC00F940AD /* Debug */,
				AEEAD8FD297602EC00F940AD /* Release */,
			);
			defaultConfigurationIsVisible = 0;
			defaultConfigurationName = Release;
		};
		AEEAD8FE297602EC00F940AD /* Build configuration list for PBXNativeTarget "SensorESP32" */ = {
			isa = XCConfigurationList;
			buildConfigurations = (
				AEEAD8FF297602EC00F940AD /* Debug */,
				AEEAD900297602EC00F940AD /* Release */,
			);
			defaultConfigurationIsVisible = 0;
			defaultConfigurationName = Release;
		};
		AEEAD901297602EC00F940AD /* Build configuration list for PBXNativeTarget "SensorESP32Tests" */ = {
			isa = XCConfigurationList;
			buildConfigurations = (
				AEEAD902297602EC00F940AD /* Debug */,
				AEEAD903297602EC00F940AD /* Release */,
			);
			defaultConfigurationIsVisible = 0;
			defaultConfigurationName = Release;
		};
		AEEAD904297602EC00F940AD /* Build configuration list for PBXNativeTarget "SensorESP32UITests" */ = {
			isa = XCConfigurationList;
			buildConfigurations = (
				AEEAD905297602EC00F940AD /* Debug */,
				AEEAD906297602EC00F940AD /* Release */,
			);
			defaultConfigurationIsVisible = 0;
			defaultConfigurationName = Release;
		};
/* End XCConfigurationList section */

/* Begin XCVersionGroup section */
		AEEAD8DD297602EA00F940AD /* SensorESP32.xcdatamodeld */ = {
			isa = XCVersionGroup;
			children = (
				AEEAD8DE297602EA00F940AD /* SensorESP32.xcdatamodel */,
			);
			currentVersion = AEEAD8DE297602EA00F940AD /* SensorESP32.xcdatamodel */;
			path = SensorESP32.xcdatamodeld;
			sourceTree = "<group>";
			versionGroupType = wrapper.xcdatamodel;
		};
/* End XCVersionGroup section */
	};
	rootObject = AEEAD8C9297602E900F940AD /* Project object */;
}
